
Microsoft Visual Studio Solution File, Format Version 12.00
# Visual Studio Version 17
VisualStudioVersion = 17.1.32421.90
MinimumVisualStudioVersion = 10.0.40219.1
Project("{FAE04EC0-301F-11D3-BF4B-00C04F79EFBC}") = "ruleta_consola", "ruleta_consola\ruleta_consola.csproj", "{EE16CC69-1433-4748-9ED0-DAD1DDE7FFC1}"
EndProject
Global
	GlobalSection(SolutionConfigurationPlatforms) = preSolution
		Debug|Any CPU = Debug|Any CPU
		Release|Any CPU = Release|Any CPU
	EndGlobalSection
	GlobalSection(ProjectConfigurationPlatforms) = postSolution
		{EE16CC69-1433-4748-9ED0-DAD1DDE7FFC1}.Debug|Any CPU.ActiveCfg = Debug|Any CPU
		{EE16CC69-1433-4748-9ED0-DAD1DDE7FFC1}.Debug|Any CPU.Build.0 = Debug|Any CPU
		{EE16CC69-1433-4748-9ED0-DAD1DDE7FFC1}.Release|Any CPU.ActiveCfg = Release|Any CPU
		{EE16CC69-1433-4748-9ED0-DAD1DDE7FFC1}.Release|Any CPU.Build.0 = Release|Any CPU
	EndGlobalSection
	GlobalSection(SolutionProperties) = preSolution
		HideSolutionNode = FALSE
	EndGlobalSection
	GlobalSection(ExtensibilityGlobals) = postSolution
		SolutionGuid = {38AFF469-4BCF-4312-A60D-7518C56BFEE0}
	EndGlobalSection
EndGlobal
